
Microsoft Visual Studio Solution File, Format Version 12.00
# Visual Studio Version 16
VisualStudioVersion = 16.0.31005.135
MinimumVisualStudioVersion = 10.0.40219.1
Project("{FAE04EC0-301F-11D3-BF4B-00C04F79EFBC}") = "Chat", "Chat\Chat.csproj", "{48405475-228C-430B-99BE-5B6D52AD36CF}"
EndProject
Global
	GlobalSection(SolutionConfigurationPlatforms) = preSolution
		Debug|Any CPU = Debug|Any CPU
		Release|Any CPU = Release|Any CPU
	EndGlobalSection
	GlobalSection(ProjectConfigurationPlatforms) = postSolution
		{48405475-228C-430B-99BE-5B6D52AD36CF}.Debug|Any CPU.ActiveCfg = Debug|Any CPU
		{48405475-228C-430B-99BE-5B6D52AD36CF}.Debug|Any CPU.Build.0 = Debug|Any CPU
		{48405475-228C-430B-99BE-5B6D52AD36CF}.Release|Any CPU.ActiveCfg = Release|Any CPU
		{48405475-228C-430B-99BE-5B6D52AD36CF}.Release|Any CPU.Build.0 = Release|Any CPU
	EndGlobalSection
	GlobalSection(SolutionProperties) = preSolution
		HideSolutionNode = FALSE
	EndGlobalSection
	GlobalSection(ExtensibilityGlobals) = postSolution
		SolutionGuid = {5317DCA8-9F75-4836-BBBA-D2BB899F56FB}
	EndGlobalSection
EndGlobal
